
Microsoft Visual Studio Solution File, Format Version 12.00
# Visual Studio 15
VisualStudioVersion = 15.0.28307.271
MinimumVisualStudioVersion = 10.0.40219.1
Project("{FAE04EC0-301F-11D3-BF4B-00C04F79EFBC}") = "06_Naviation", "06_Naviation\06_Naviation.csproj", "{314B69D0-B1BD-4362-AE92-CAEE976993FB}"
EndProject
Project("{FAE04EC0-301F-11D3-BF4B-00C04F79EFBC}") = "ModuleA", "ModuleA\ModuleA.csproj", "{67CE900E-ABF9-4DB2-98BA-BC001AECDFE6}"
EndProject
Project("{FAE04EC0-301F-11D3-BF4B-00C04F79EFBC}") = "ModuleB", "ModuleB\ModuleB.csproj", "{34875753-E8E3-4216-AF78-61EAA9E87AB2}"
EndProject
Global
	GlobalSection(SolutionConfigurationPlatforms) = preSolution
		Debug|Any CPU = Debug|Any CPU
		Release|Any CPU = Release|Any CPU
	EndGlobalSection
	GlobalSection(ProjectConfigurationPlatforms) = postSolution
		{314B69D0-B1BD-4362-AE92-CAEE976993FB}.Debug|Any CPU.ActiveCfg = Debug|Any CPU
		{314B69D0-B1BD-4362-AE92-CAEE976993FB}.Debug|Any CPU.Build.0 = Debug|Any CPU
		{314B69D0-B1BD-4362-AE92-CAEE976993FB}.Release|Any CPU.ActiveCfg = Release|Any CPU
		{314B69D0-B1BD-4362-AE92-CAEE976993FB}.Release|Any CPU.Build.0 = Release|Any CPU
		{67CE900E-ABF9-4DB2-98BA-BC001AECDFE6}.Debug|Any CPU.ActiveCfg = Debug|Any CPU
		{67CE900E-ABF9-4DB2-98BA-BC001AECDFE6}.Debug|Any CPU.Build.0 = Debug|Any CPU
		{67CE900E-ABF9-4DB2-98BA-BC001AECDFE6}.Release|Any CPU.ActiveCfg = Release|Any CPU
		{67CE900E-ABF9-4DB2-98BA-BC001AECDFE6}.Release|Any CPU.Build.0 = Release|Any CPU
		{34875753-E8E3-4216-AF78-61EAA9E87AB2}.Debug|Any CPU.ActiveCfg = Debug|Any CPU
		{34875753-E8E3-4216-AF78-61EAA9E87AB2}.Debug|Any CPU.Build.0 = Debug|Any CPU
		{34875753-E8E3-4216-AF78-61EAA9E87AB2}.Release|Any CPU.ActiveCfg = Release|Any CPU
		{34875753-E8E3-4216-AF78-61EAA9E87AB2}.Release|Any CPU.Build.0 = Release|Any CPU
	EndGlobalSection
	GlobalSection(SolutionProperties) = preSolution
		HideSolutionNode = FALSE
	EndGlobalSection
	GlobalSection(ExtensibilityGlobals) = postSolution
		SolutionGuid = {063D1401-17F5-4001-87ED-20600A17EAE0}
	EndGlobalSection
EndGlobal
