
Microsoft Visual Studio Solution File, Format Version 12.00
# Visual Studio 15
VisualStudioVersion = 15.0.28307.102
MinimumVisualStudioVersion = 10.0.40219.1
Project("{FAE04EC0-301F-11D3-BF4B-00C04F79EFBC}") = "MVVMPattern", "MVVMPattern\MVVMPattern.csproj", "{BA3B588B-D566-4ADB-A0E8-3AF7450CEB4E}"
EndProject
Project("{2150E333-8FDC-42A3-9474-1A3956D46DE8}") = "MVVM", "MVVM", "{D1E6069E-D39C-4B1F-973C-9D694A3BD37E}"
EndProject
Project("{2150E333-8FDC-42A3-9474-1A3956D46DE8}") = "Publish-Subscribe", "Publish-Subscribe", "{543AE9DB-026C-4090-A007-B0E0BCC1C1A8}"
EndProject
Project("{FAE04EC0-301F-11D3-BF4B-00C04F79EFBC}") = "Publish-SubscribePattern", "Publish-SubscribePattern\Publish-SubscribePattern.csproj", "{1B005201-4BDE-4FDC-9C20-FECCE732DE7E}"
EndProject
Project("{2150E333-8FDC-42A3-9474-1A3956D46DE8}") = "DependencyInjection", "DependencyInjection", "{FD84CC12-7743-4C2A-B9F3-5967A0F80FA5}"
EndProject
Project("{FAE04EC0-301F-11D3-BF4B-00C04F79EFBC}") = "ApplicationMainProject", "ApplicationMainProject\ApplicationMainProject.csproj", "{4A9B92DA-0F52-4EE6-BABA-B67C2E5CF667}"
EndProject
Project("{2150E333-8FDC-42A3-9474-1A3956D46DE8}") = "Prism", "Prism", "{34C99E6B-9CF0-40FC-A0D9-9A3A62DBF776}"
EndProject
Project("{FAE04EC0-301F-11D3-BF4B-00C04F79EFBC}") = "DIBasicSample", "DIBasicSample\DIBasicSample.csproj", "{67506AD5-66D6-47B5-85E7-B17996A8F126}"
EndProject
Project("{2150E333-8FDC-42A3-9474-1A3956D46DE8}") = "ServiceLocator", "ServiceLocator", "{57666C01-F728-4402-915A-8D86A6C7F1EE}"
EndProject
Project("{FAE04EC0-301F-11D3-BF4B-00C04F79EFBC}") = "ServiceLocatorPattern", "ServiceLocatorPattern\ServiceLocatorPattern.csproj", "{09B6D63E-3C7E-43BE-8A24-E2DFA0B07FA0}"
EndProject
Project("{FAE04EC0-301F-11D3-BF4B-00C04F79EFBC}") = "NoUseMVVM", "Don_tUseMVVM\NoUseMVVM.csproj", "{236B9277-D04C-489C-9BD5-174D631F01AB}"
EndProject
Project("{FAE04EC0-301F-11D3-BF4B-00C04F79EFBC}") = "DIPattern", "DIPattern\DIPattern.csproj", "{1C9B47EB-F0E8-44AF-90A7-EB8B5EDB3D71}"
EndProject
Project("{FAE04EC0-301F-11D3-BF4B-00C04F79EFBC}") = "NoUseDIPattern", "NoUseDIPattern\NoUseDIPattern.csproj", "{E760172A-6DFE-407F-9C5E-1070A53C9AD6}"
EndProject
Global
	GlobalSection(SolutionConfigurationPlatforms) = preSolution
		Debug|Any CPU = Debug|Any CPU
		Release|Any CPU = Release|Any CPU
	EndGlobalSection
	GlobalSection(ProjectConfigurationPlatforms) = postSolution
		{BA3B588B-D566-4ADB-A0E8-3AF7450CEB4E}.Debug|Any CPU.ActiveCfg = Debug|Any CPU
		{BA3B588B-D566-4ADB-A0E8-3AF7450CEB4E}.Debug|Any CPU.Build.0 = Debug|Any CPU
		{BA3B588B-D566-4ADB-A0E8-3AF7450CEB4E}.Release|Any CPU.ActiveCfg = Release|Any CPU
		{BA3B588B-D566-4ADB-A0E8-3AF7450CEB4E}.Release|Any CPU.Build.0 = Release|Any CPU
		{1B005201-4BDE-4FDC-9C20-FECCE732DE7E}.Debug|Any CPU.ActiveCfg = Debug|Any CPU
		{1B005201-4BDE-4FDC-9C20-FECCE732DE7E}.Debug|Any CPU.Build.0 = Debug|Any CPU
		{1B005201-4BDE-4FDC-9C20-FECCE732DE7E}.Release|Any CPU.ActiveCfg = Release|Any CPU
		{1B005201-4BDE-4FDC-9C20-FECCE732DE7E}.Release|Any CPU.Build.0 = Release|Any CPU
		{4A9B92DA-0F52-4EE6-BABA-B67C2E5CF667}.Debug|Any CPU.ActiveCfg = Debug|Any CPU
		{4A9B92DA-0F52-4EE6-BABA-B67C2E5CF667}.Debug|Any CPU.Build.0 = Debug|Any CPU
		{4A9B92DA-0F52-4EE6-BABA-B67C2E5CF667}.Release|Any CPU.ActiveCfg = Release|Any CPU
		{4A9B92DA-0F52-4EE6-BABA-B67C2E5CF667}.Release|Any CPU.Build.0 = Release|Any CPU
		{67506AD5-66D6-47B5-85E7-B17996A8F126}.Debug|Any CPU.ActiveCfg = Debug|Any CPU
		{67506AD5-66D6-47B5-85E7-B17996A8F126}.Debug|Any CPU.Build.0 = Debug|Any CPU
		{67506AD5-66D6-47B5-85E7-B17996A8F126}.Release|Any CPU.ActiveCfg = Release|Any CPU
		{67506AD5-66D6-47B5-85E7-B17996A8F126}.Release|Any CPU.Build.0 = Release|Any CPU
		{09B6D63E-3C7E-43BE-8A24-E2DFA0B07FA0}.Debug|Any CPU.ActiveCfg = Debug|Any CPU
		{09B6D63E-3C7E-43BE-8A24-E2DFA0B07FA0}.Debug|Any CPU.Build.0 = Debug|Any CPU
		{09B6D63E-3C7E-43BE-8A24-E2DFA0B07FA0}.Release|Any CPU.ActiveCfg = Release|Any CPU
		{09B6D63E-3C7E-43BE-8A24-E2DFA0B07FA0}.Release|Any CPU.Build.0 = Release|Any CPU
		{236B9277-D04C-489C-9BD5-174D631F01AB}.Debug|Any CPU.ActiveCfg = Debug|Any CPU
		{236B9277-D04C-489C-9BD5-174D631F01AB}.Debug|Any CPU.Build.0 = Debug|Any CPU
		{236B9277-D04C-489C-9BD5-174D631F01AB}.Release|Any CPU.ActiveCfg = Release|Any CPU
		{236B9277-D04C-489C-9BD5-174D631F01AB}.Release|Any CPU.Build.0 = Release|Any CPU
		{1C9B47EB-F0E8-44AF-90A7-EB8B5EDB3D71}.Debug|Any CPU.ActiveCfg = Debug|Any CPU
		{1C9B47EB-F0E8-44AF-90A7-EB8B5EDB3D71}.Debug|Any CPU.Build.0 = Debug|Any CPU
		{1C9B47EB-F0E8-44AF-90A7-EB8B5EDB3D71}.Release|Any CPU.ActiveCfg = Release|Any CPU
		{1C9B47EB-F0E8-44AF-90A7-EB8B5EDB3D71}.Release|Any CPU.Build.0 = Release|Any CPU
		{E760172A-6DFE-407F-9C5E-1070A53C9AD6}.Debug|Any CPU.ActiveCfg = Debug|Any CPU
		{E760172A-6DFE-407F-9C5E-1070A53C9AD6}.Debug|Any CPU.Build.0 = Debug|Any CPU
		{E760172A-6DFE-407F-9C5E-1070A53C9AD6}.Release|Any CPU.ActiveCfg = Release|Any CPU
		{E760172A-6DFE-407F-9C5E-1070A53C9AD6}.Release|Any CPU.Build.0 = Release|Any CPU
	EndGlobalSection
	GlobalSection(SolutionProperties) = preSolution
		HideSolutionNode = FALSE
	EndGlobalSection
	GlobalSection(NestedProjects) = preSolution
		{BA3B588B-D566-4ADB-A0E8-3AF7450CEB4E} = {D1E6069E-D39C-4B1F-973C-9D694A3BD37E}
		{1B005201-4BDE-4FDC-9C20-FECCE732DE7E} = {543AE9DB-026C-4090-A007-B0E0BCC1C1A8}
		{4A9B92DA-0F52-4EE6-BABA-B67C2E5CF667} = {34C99E6B-9CF0-40FC-A0D9-9A3A62DBF776}
		{67506AD5-66D6-47B5-85E7-B17996A8F126} = {FD84CC12-7743-4C2A-B9F3-5967A0F80FA5}
		{09B6D63E-3C7E-43BE-8A24-E2DFA0B07FA0} = {57666C01-F728-4402-915A-8D86A6C7F1EE}
		{236B9277-D04C-489C-9BD5-174D631F01AB} = {D1E6069E-D39C-4B1F-973C-9D694A3BD37E}
		{1C9B47EB-F0E8-44AF-90A7-EB8B5EDB3D71} = {FD84CC12-7743-4C2A-B9F3-5967A0F80FA5}
		{E760172A-6DFE-407F-9C5E-1070A53C9AD6} = {FD84CC12-7743-4C2A-B9F3-5967A0F80FA5}
	EndGlobalSection
	GlobalSection(ExtensibilityGlobals) = postSolution
		SolutionGuid = {DE348F25-F846-416C-8D37-8CF503037C65}
	EndGlobalSection
EndGlobal
