
Microsoft Visual Studio Solution File, Format Version 12.00
# Visual Studio 15
VisualStudioVersion = 15.0.28307.271
MinimumVisualStudioVersion = 10.0.40219.1
Project("{FAE04EC0-301F-11D3-BF4B-00C04F79EFBC}") = "21_MVVMPattern", "21_MVVMPattern\21_MVVMPattern.csproj", "{4A4C7249-5E03-4B17-B4D7-8FED5F419947}"
EndProject
Global
	GlobalSection(SolutionConfigurationPlatforms) = preSolution
		Debug|Any CPU = Debug|Any CPU
		Release|Any CPU = Release|Any CPU
	EndGlobalSection
	GlobalSection(ProjectConfigurationPlatforms) = postSolution
		{4A4C7249-5E03-4B17-B4D7-8FED5F419947}.Debug|Any CPU.ActiveCfg = Debug|Any CPU
		{4A4C7249-5E03-4B17-B4D7-8FED5F419947}.Debug|Any CPU.Build.0 = Debug|Any CPU
		{4A4C7249-5E03-4B17-B4D7-8FED5F419947}.Release|Any CPU.ActiveCfg = Release|Any CPU
		{4A4C7249-5E03-4B17-B4D7-8FED5F419947}.Release|Any CPU.Build.0 = Release|Any CPU
	EndGlobalSection
	GlobalSection(SolutionProperties) = preSolution
		HideSolutionNode = FALSE
	EndGlobalSection
	GlobalSection(ExtensibilityGlobals) = postSolution
		SolutionGuid = {5868727B-E735-4498-B5D5-EF5BBF4B4144}
	EndGlobalSection
EndGlobal
